// !$*UTF8*$!
{
	archiveVersion = 1;
	classes = {
	};
	objectVersion = 50;
	objects = {

/* Begin PBXBuildFile section */
		A3261F8C23CC59D200896FE9 /* main.cpp in Sources */ = {isa = PBXBuildFile; fileRef = A3261F8B23CC59D200896FE9 /* main.cpp */; };
		A3261F9423CC5F2100896FE9 /* Arena.cpp in Sources */ = {isa = PBXBuildFile; fileRef = A3261F9223CC5F2100896FE9 /* Arena.cpp */; };
		A3261F9723CC5FE600896FE9 /* Vampire.cpp in Sources */ = {isa = PBXBuildFile; fileRef = A3261F9523CC5FE600896FE9 /* Vampire.cpp */; };
		A3261F9D23CC601A00896FE9 /* Player.cpp in Sources */ = {isa = PBXBuildFile; fileRef = A3261F9B23CC601A00896FE9 /* Player.cpp */; };
		A3261FA023CC602700896FE9 /* Game.cpp in Sources */ = {isa = PBXBuildFile; fileRef = A3261F9E23CC602700896FE9 /* Game.cpp */; };
		A3261FA623CC604F00896FE9 /* utilities.cpp in Sources */ = {isa = PBXBuildFile; fileRef = A3261FA423CC604F00896FE9 /* utilities.cpp */; };
		A3261FAC23CC778E00896FE9 /* History.cpp in Sources */ = {isa = PBXBuildFile; fileRef = A3261FAA23CC778E00896FE9 /* History.cpp */; };
/* End PBXBuildFile section */

/* Begin PBXCopyFilesBuildPhase section */
		A3261F8623CC59D200896FE9 /* CopyFiles */ = {
			isa = PBXCopyFilesBuildPhase;
			buildActionMask = 2147483647;
			dstPath = /usr/share/man/man1/;
			dstSubfolderSpec = 0;
			files = (
			);
			runOnlyForDeploymentPostprocessing = 1;
		};
/* End PBXCopyFilesBuildPhase section */

/* Begin PBXFileReference section */
		A3261F8823CC59D200896FE9 /* Project1 */ = {isa = PBXFileReference; explicitFileType = "compiled.mach-o.executable"; includeInIndex = 0; path = Project1; sourceTree = BUILT_PRODUCTS_DIR; };
		A3261F8B23CC59D200896FE9 /* main.cpp */ = {isa = PBXFileReference; lastKnownFileType = sourcecode.cpp.cpp; path = main.cpp; sourceTree = "<group>"; };
		A3261F9223CC5F2100896FE9 /* Arena.cpp */ = {isa = PBXFileReference; lastKnownFileType = sourcecode.cpp.cpp; path = Arena.cpp; sourceTree = "<group>"; };
		A3261F9323CC5F2100896FE9 /* Arena.h */ = {isa = PBXFileReference; lastKnownFileType = sourcecode.c.h; path = Arena.h; sourceTree = "<group>"; };
		A3261F9523CC5FE600896FE9 /* Vampire.cpp */ = {isa = PBXFileReference; lastKnownFileType = sourcecode.cpp.cpp; path = Vampire.cpp; sourceTree = "<group>"; };
		A3261F9623CC5FE600896FE9 /* Vampire.h */ = {isa = PBXFileReference; lastKnownFileType = sourcecode.c.h; path = Vampire.h; sourceTree = "<group>"; };
		A3261F9B23CC601A00896FE9 /* Player.cpp */ = {isa = PBXFileReference; lastKnownFileType = sourcecode.cpp.cpp; path = Player.cpp; sourceTree = "<group>"; };
		A3261F9C23CC601A00896FE9 /* Player.h */ = {isa = PBXFileReference; lastKnownFileType = sourcecode.c.h; path = Player.h; sourceTree = "<group>"; };
		A3261F9E23CC602700896FE9 /* Game.cpp */ = {isa = PBXFileReference; lastKnownFileType = sourcecode.cpp.cpp; path = Game.cpp; sourceTree = "<group>"; };
		A3261F9F23CC602700896FE9 /* Game.h */ = {isa = PBXFileReference; lastKnownFileType = sourcecode.c.h; path = Game.h; sourceTree = "<group>"; };
		A3261FA223CC604100896FE9 /* globals.h */ = {isa = PBXFileReference; lastKnownFileType = sourcecode.c.h; path = globals.h; sourceTree = "<group>"; };
		A3261FA423CC604F00896FE9 /* utilities.cpp */ = {isa = PBXFileReference; lastKnownFileType = sourcecode.cpp.cpp; path = utilities.cpp; sourceTree = "<group>"; };
		A3261FAA23CC778E00896FE9 /* History.cpp */ = {isa = PBXFileReference; lastKnownFileType = sourcecode.cpp.cpp; path = History.cpp; sourceTree = "<group>"; };
		A3261FAB23CC778E00896FE9 /* History.h */ = {isa = PBXFileReference; lastKnownFileType = sourcecode.c.h; path = History.h; sourceTree = "<group>"; };
/* End PBXFileReference section */

/* Begin PBXFrameworksBuildPhase section */
		A3261F8523CC59D200896FE9 /* Frameworks */ = {
			isa = PBXFrameworksBuildPhase;
			buildActionMask = 2147483647;
			files = (
			);
			runOnlyForDeploymentPostprocessing = 0;
		};
/* End PBXFrameworksBuildPhase section */

/* Begin PBXGroup section */
		A3261F7F23CC59D200896FE9 = {
			isa = PBXGroup;
			children = (
				A3261F8A23CC59D200896FE9 /* Project1 */,
				A3261F8923CC59D200896FE9 /* Products */,
			);
			sourceTree = "<group>";
		};
		A3261F8923CC59D200896FE9 /* Products */ = {
			isa = PBXGroup;
			children = (
				A3261F8823CC59D200896FE9 /* Project1 */,
			);
			name = Products;
			sourceTree = "<group>";
		};
		A3261F8A23CC59D200896FE9 /* Project1 */ = {
			isa = PBXGroup;
			children = (
				A3261F9623CC5FE600896FE9 /* Vampire.h */,
				A3261F9523CC5FE600896FE9 /* Vampire.cpp */,
				A3261F9C23CC601A00896FE9 /* Player.h */,
				A3261F9B23CC601A00896FE9 /* Player.cpp */,
				A3261FAB23CC778E00896FE9 /* History.h */,
				A3261FAA23CC778E00896FE9 /* History.cpp */,
				A3261F9323CC5F2100896FE9 /* Arena.h */,
				A3261F9223CC5F2100896FE9 /* Arena.cpp */,
				A3261F9F23CC602700896FE9 /* Game.h */,
				A3261F9E23CC602700896FE9 /* Game.cpp */,
				A3261FA223CC604100896FE9 /* globals.h */,
				A3261FA423CC604F00896FE9 /* utilities.cpp */,
				A3261F8B23CC59D200896FE9 /* main.cpp */,
			);
			path = Project1;
			sourceTree = "<group>";
		};
/* End PBXGroup section */

/* Begin PBXNativeTarget section */
		A3261F8723CC59D200896FE9 /* Project1 */ = {
			isa = PBXNativeTarget;
			buildConfigurationList = A3261F8F23CC59D200896FE9 /* Build configuration list for PBXNativeTarget "Project1" */;
			buildPhases = (
				A3261F8423CC59D200896FE9 /* Sources */,
				A3261F8523CC59D200896FE9 /* Frameworks */,
				A3261F8623CC59D200896FE9 /* CopyFiles */,
			);
			buildRules = (
			);
			dependencies = (
			);
			name = Project1;
			productName = Project1;
			productReference = A3261F8823CC59D200896FE9 /* Project1 */;
			productType = "com.apple.product-type.tool";
		};
/* End PBXNativeTarget section */

/* Begin PBXProject section */
		A3261F8023CC59D200896FE9 /* Project object */ = {
			isa = PBXProject;
			attributes = {
				LastUpgradeCheck = 1120;
				ORGANIZATIONNAME = "Vivianne Dinh";
				TargetAttributes = {
					A3261F8723CC59D200896FE9 = {
						CreatedOnToolsVersion = 11.2;
					};
				};
			};
			buildConfigurationList = A3261F8323CC59D200896FE9 /* Build configuration list for PBXProject "Project1" */;
			compatibilityVersion = "Xcode 9.3";
			developmentRegion = en;
			hasScannedForEncodings = 0;
			knownRegions = (
				en,
				Base,
			);
			mainGroup = A3261F7F23CC59D200896FE9;
			productRefGroup = A3261F8923CC59D200896FE9 /* Products */;
			projectDirPath = "";
			projectRoot = "";
			targets = (
				A3261F8723CC59D200896FE9 /* Project1 */,
			);
		};
/* End PBXProject section */

/* Begin PBXSourcesBuildPhase section */
		A3261F8423CC59D200896FE9 /* Sources */ = {
			isa = PBXSourcesBuildPhase;
			buildActionMask = 2147483647;
			files = (
				A3261F9D23CC601A00896FE9 /* Player.cpp in Sources */,
				A3261F9723CC5FE600896FE9 /* Vampire.cpp in Sources */,
				A3261F8C23CC59D200896FE9 /* main.cpp in Sources */,
				A3261F9423CC5F2100896FE9 /* Arena.cpp in Sources */,
				A3261FA623CC604F00896FE9 /* utilities.cpp in Sources */,
				A3261FA023CC602700896FE9 /* Game.cpp in Sources */,
				A3261FAC23CC778E00896FE9 /* History.cpp in Sources */,
			);
			runOnlyForDeploymentPostprocessing = 0;
		};
/* End PBXSourcesBuildPhase section */

/* Begin XCBuildConfiguration section */
		A3261F8D23CC59D200896FE9 /* Debug */ = {
			isa = XCBuildConfiguration;
			buildSettings = {
				ALWAYS_SEARCH_USER_PATHS = NO;
				CLANG_ANALYZER_NONNULL = YES;
				CLANG_ANALYZER_NUMBER_OBJECT_CONVERSION = YES_AGGRESSIVE;
				CLANG_CXX_LANGUAGE_STANDARD = "gnu++14";
				CLANG_CXX_LIBRARY = "libc++";
				CLANG_ENABLE_MODULES = YES;
				CLANG_ENABLE_OBJC_ARC = YES;
				CLANG_ENABLE_OBJC_WEAK = YES;
				CLANG_WARN_BLOCK_CAPTURE_AUTORELEASING = YES;
				CLANG_WARN_BOOL_CONVERSION = YES;
				CLANG_WARN_COMMA = YES;
				CLANG_WARN_CONSTANT_CONVERSION = YES;
				CLANG_WARN_DEPRECATED_OBJC_IMPLEMENTATIONS = YES;
				CLANG_WARN_DIRECT_OBJC_ISA_USAGE = YES_ERROR;
				CLANG_WARN_DOCUMENTATION_COMMENTS = YES;
				CLANG_WARN_EMPTY_BODY = YES;
				CLANG_WARN_ENUM_CONVERSION = YES;
				CLANG_WARN_INFINITE_RECURSION = YES;
				CLANG_WARN_INT_CONVERSION = YES;
				CLANG_WARN_NON_LITERAL_NULL_CONVERSION = YES;
				CLANG_WARN_OBJC_IMPLICIT_RETAIN_SELF = YES;
				CLANG_WARN_OBJC_LITERAL_CONVERSION = YES;
				CLANG_WARN_OBJC_ROOT_CLASS = YES_ERROR;
				CLANG_WARN_RANGE_LOOP_ANALYSIS = YES;
				CLANG_WARN_STRICT_PROTOTYPES = YES;
				CLANG_WARN_SUSPICIOUS_MOVE = YES;
				CLANG_WARN_UNGUARDED_AVAILABILITY = YES_AGGRESSIVE;
				CLANG_WARN_UNREACHABLE_CODE = YES;
				CLANG_WARN__DUPLICATE_METHOD_MATCH = YES;
				COPY_PHASE_STRIP = NO;
				DEBUG_INFORMATION_FORMAT = dwarf;
				ENABLE_STRICT_OBJC_MSGSEND = YES;
				ENABLE_TESTABILITY = YES;
				GCC_C_LANGUAGE_STANDARD = gnu11;
				GCC_DYNAMIC_NO_PIC = NO;
				GCC_NO_COMMON_BLOCKS = YES;
				GCC_OPTIMIZATION_LEVEL = 0;
				GCC_PREPROCESSOR_DEFINITIONS = (
					"DEBUG=1",
					"$(inherited)",
				);
				GCC_WARN_64_TO_32_BIT_CONVERSION = YES;
				GCC_WARN_ABOUT_RETURN_TYPE = YES_ERROR;
				GCC_WARN_UNDECLARED_SELECTOR = YES;
				GCC_WARN_UNINITIALIZED_AUTOS = YES_AGGRESSIVE;
				GCC_WARN_UNUSED_FUNCTION = YES;
				GCC_WARN_UNUSED_VARIABLE = YES;
				MACOSX_DEPLOYMENT_TARGET = 10.14;
				MTL_ENABLE_DEBUG_INFO = INCLUDE_SOURCE;
				MTL_FAST_MATH = YES;
				ONLY_ACTIVE_ARCH = YES;
				SDKROOT = macosx;
			};
			name = Debug;
		};
		A3261F8E23CC59D200896FE9 /* Release */ = {
			isa = XCBuildConfiguration;
			buildSettings = {
				ALWAYS_SEARCH_USER_PATHS = NO;
				CLANG_ANALYZER_NONNULL = YES;
				CLANG_ANALYZER_NUMBER_OBJECT_CONVERSION = YES_AGGRESSIVE;
				CLANG_CXX_LANGUAGE_STANDARD = "gnu++14";
				CLANG_CXX_LIBRARY = "libc++";
				CLANG_ENABLE_MODULES = YES;
				CLANG_ENABLE_OBJC_ARC = YES;
				CLANG_ENABLE_OBJC_WEAK = YES;
				CLANG_WARN_BLOCK_CAPTURE_AUTORELEASING = YES;
				CLANG_WARN_BOOL_CONVERSION = YES;
				CLANG_WARN_COMMA = YES;
				CLANG_WARN_CONSTANT_CONVERSION = YES;
				CLANG_WARN_DEPRECATED_OBJC_IMPLEMENTATIONS = YES;
				CLANG_WARN_DIRECT_OBJC_ISA_USAGE = YES_ERROR;
				CLANG_WARN_DOCUMENTATION_COMMENTS = YES;
				CLANG_WARN_EMPTY_BODY = YES;
				CLANG_WARN_ENUM_CONVERSION = YES;
				CLANG_WARN_INFINITE_RECURSION = YES;
				CLANG_WARN_INT_CONVERSION = YES;
				CLANG_WARN_NON_LITERAL_NULL_CONVERSION = YES;
				CLANG_WARN_OBJC_IMPLICIT_RETAIN_SELF = YES;
				CLANG_WARN_OBJC_LITERAL_CONVERSION = YES;
				CLANG_WARN_OBJC_ROOT_CLASS = YES_ERROR;
				CLANG_WARN_RANGE_LOOP_ANALYSIS = YES;
				CLANG_WARN_STRICT_PROTOTYPES = YES;
				CLANG_WARN_SUSPICIOUS_MOVE = YES;
				CLANG_WARN_UNGUARDED_AVAILABILITY = YES_AGGRESSIVE;
				CLANG_WARN_UNREACHABLE_CODE = YES;
				CLANG_WARN__DUPLICATE_METHOD_MATCH = YES;
				COPY_PHASE_STRIP = NO;
				DEBUG_INFORMATION_FORMAT = "dwarf-with-dsym";
				ENABLE_NS_ASSERTIONS = NO;
				ENABLE_STRICT_OBJC_MSGSEND = YES;
				GCC_C_LANGUAGE_STANDARD = gnu11;
				GCC_NO_COMMON_BLOCKS = YES;
				GCC_WARN_64_TO_32_BIT_CONVERSION = YES;
				GCC_WARN_ABOUT_RETURN_TYPE = YES_ERROR;
				GCC_WARN_UNDECLARED_SELECTOR = YES;
				GCC_WARN_UNINITIALIZED_AUTOS = YES_AGGRESSIVE;
				GCC_WARN_UNUSED_FUNCTION = YES;
				GCC_WARN_UNUSED_VARIABLE = YES;
				MACOSX_DEPLOYMENT_TARGET = 10.14;
				MTL_ENABLE_DEBUG_INFO = NO;
				MTL_FAST_MATH = YES;
				SDKROOT = macosx;
			};
			name = Release;
		};
		A3261F9023CC59D200896FE9 /* Debug */ = {
			isa = XCBuildConfiguration;
			buildSettings = {
				CODE_SIGN_STYLE = Automatic;
				PRODUCT_NAME = "$(TARGET_NAME)";
			};
			name = Debug;
		};
		A3261F9123CC59D200896FE9 /* Release */ = {
			isa = XCBuildConfiguration;
			buildSettings = {
				CODE_SIGN_STYLE = Automatic;
				PRODUCT_NAME = "$(TARGET_NAME)";
			};
			name = Release;
		};
/* End XCBuildConfiguration section */

/* Begin XCConfigurationList section */
		A3261F8323CC59D200896FE9 /* Build configuration list for PBXProject "Project1" */ = {
			isa = XCConfigurationList;
			buildConfigurations = (
				A3261F8D23CC59D200896FE9 /* Debug */,
				A3261F8E23CC59D200896FE9 /* Release */,
			);
			defaultConfigurationIsVisible = 0;
			defaultConfigurationName = Release;
		};
		A3261F8F23CC59D200896FE9 /* Build configuration list for PBXNativeTarget "Project1" */ = {
			isa = XCConfigurationList;
			buildConfigurations = (
				A3261F9023CC59D200896FE9 /* Debug */,
				A3261F9123CC59D200896FE9 /* Release */,
			);
			defaultConfigurationIsVisible = 0;
			defaultConfigurationName = Release;
		};
/* End XCConfigurationList section */
	};
	rootObject = A3261F8023CC59D200896FE9 /* Project object */;
}
